
Microsoft Visual Studio Solution File, Format Version 9.00
# Visual Studio 2005
Project("{8BC9CEB8-8B4A-11D0-8D11-00A0C91BC942}") = "win32", "win32.vcproj", "{AA752597-4C41-406B-9BDE-6A6E42B40607}"
EndProject
Global
	GlobalSection(SolutionConfigurationPlatforms) = preSolution
		Debug|Win32 = Debug|Win32
		Release|Win32 = Release|Win32
	EndGlobalSection
	GlobalSection(ProjectConfigurationPlatforms) = postSolution
		{AA752597-4C41-406B-9BDE-6A6E42B40607}.Debug|Win32.ActiveCfg = Debug|Win32
		{AA752597-4C41-406B-9BDE-6A6E42B40607}.Debug|Win32.Build.0 = Debug|Win32
		{AA752597-4C41-406B-9BDE-6A6E42B40607}.Release|Win32.ActiveCfg = Release|Win32
		{AA752597-4C41-406B-9BDE-6A6E42B40607}.Release|Win32.Build.0 = Release|Win32
	EndGlobalSection
	GlobalSection(SolutionProperties) = preSolution
		HideSolutionNode = FALSE
	EndGlobalSection
EndGlobal
